// !$*UTF8*$!
{
	archiveVersion = 1;
	classes = {
	};
	objectVersion = 56;
	objects = {

/* Begin PBXBuildFile section */
		1D33C5D62AC803570036D58B /* SwiftUITutorialApp.swift in Sources */ = {isa = PBXBuildFile; fileRef = 1D33C5D52AC803570036D58B /* SwiftUITutorialApp.swift */; };
		1D33C5D82AC803570036D58B /* ContentView.swift in Sources */ = {isa = PBXBuildFile; fileRef = 1D33C5D72AC803570036D58B /* ContentView.swift */; };
		1D33C5DA2AC803580036D58B /* Assets.xcassets in Resources */ = {isa = PBXBuildFile; fileRef = 1D33C5D92AC803580036D58B /* Assets.xcassets */; };
		1D33C5DD2AC803580036D58B /* Preview Assets.xcassets in Resources */ = {isa = PBXBuildFile; fileRef = 1D33C5DC2AC803580036D58B /* Preview Assets.xcassets */; };
		1D33C5E72AC803580036D58B /* SwiftUITutorialTests.swift in Sources */ = {isa = PBXBuildFile; fileRef = 1D33C5E62AC803580036D58B /* SwiftUITutorialTests.swift */; };
		1D33C5F12AC803580036D58B /* SwiftUITutorialUITests.swift in Sources */ = {isa = PBXBuildFile; fileRef = 1D33C5F02AC803580036D58B /* SwiftUITutorialUITests.swift */; };
		1D33C5F32AC803580036D58B /* SwiftUITutorialUITestsLaunchTests.swift in Sources */ = {isa = PBXBuildFile; fileRef = 1D33C5F22AC803580036D58B /* SwiftUITutorialUITestsLaunchTests.swift */; };
		1D33C6002AC806C60036D58B /* OneWayBind.swift in Sources */ = {isa = PBXBuildFile; fileRef = 1D33C5FF2AC806C60036D58B /* OneWayBind.swift */; };
		1D33C6022AC806FA0036D58B /* StateIntro.swift in Sources */ = {isa = PBXBuildFile; fileRef = 1D33C6012AC806FA0036D58B /* StateIntro.swift */; };
		1D33C6042AC808C20036D58B /* StateCounterSample.swift in Sources */ = {isa = PBXBuildFile; fileRef = 1D33C6032AC808C20036D58B /* StateCounterSample.swift */; };
		1D33C6062AC809A00036D58B /* StateArraySample.swift in Sources */ = {isa = PBXBuildFile; fileRef = 1D33C6052AC809A00036D58B /* StateArraySample.swift */; };
		1D33C6082AC80AE40036D58B /* StateBooleanSample.swift in Sources */ = {isa = PBXBuildFile; fileRef = 1D33C6072AC80AE40036D58B /* StateBooleanSample.swift */; };
		1D33C60A2AC811A60036D58B /* StateArraySample2.swift in Sources */ = {isa = PBXBuildFile; fileRef = 1D33C6092AC811A50036D58B /* StateArraySample2.swift */; };
		1D33C60C2AC818520036D58B /* StateFrameSample.swift in Sources */ = {isa = PBXBuildFile; fileRef = 1D33C60B2AC818520036D58B /* StateFrameSample.swift */; };
		1D33C60E2AC81F310036D58B /* StateInputSample.swift in Sources */ = {isa = PBXBuildFile; fileRef = 1D33C60D2AC81F310036D58B /* StateInputSample.swift */; };
		1D33C6102AC821DC0036D58B /* KDVCalc.swift in Sources */ = {isa = PBXBuildFile; fileRef = 1D33C60F2AC821DC0036D58B /* KDVCalc.swift */; };
		1D33C6122AC823C60036D58B /* InputArray.swift in Sources */ = {isa = PBXBuildFile; fileRef = 1D33C6112AC823C60036D58B /* InputArray.swift */; };
		1D33C6142AC827F50036D58B /* SortArray.swift in Sources */ = {isa = PBXBuildFile; fileRef = 1D33C6132AC827F50036D58B /* SortArray.swift */; };
		1D33C6162AC82BD20036D58B /* ToogleState.swift in Sources */ = {isa = PBXBuildFile; fileRef = 1D33C6152AC82BD20036D58B /* ToogleState.swift */; };
		1D33C61A2AC952190036D58B /* TemperatureConverter.swift in Sources */ = {isa = PBXBuildFile; fileRef = 1D33C6192AC952190036D58B /* TemperatureConverter.swift */; };
		1D33C61C2AC955DB0036D58B /* MusicFavoritesSample.swift in Sources */ = {isa = PBXBuildFile; fileRef = 1D33C61B2AC955DB0036D58B /* MusicFavoritesSample.swift */; };
		1D33C61E2AC959670036D58B /* ProductListTrash.swift in Sources */ = {isa = PBXBuildFile; fileRef = 1D33C61D2AC959670036D58B /* ProductListTrash.swift */; };
		1D33C6202AC963B90036D58B /* ToDoList.swift in Sources */ = {isa = PBXBuildFile; fileRef = 1D33C61F2AC963B90036D58B /* ToDoList.swift */; };
		1D33C6222AC9679F0036D58B /* KDVCalc2.swift in Sources */ = {isa = PBXBuildFile; fileRef = 1D33C6212AC9679F0036D58B /* KDVCalc2.swift */; };
		1D33C6242AC968B60036D58B /* ProductDetail.swift in Sources */ = {isa = PBXBuildFile; fileRef = 1D33C6232AC968B60036D58B /* ProductDetail.swift */; };
		1D33C6262AC96AA90036D58B /* ColorPickerSample.swift in Sources */ = {isa = PBXBuildFile; fileRef = 1D33C6252AC96AA90036D58B /* ColorPickerSample.swift */; };
		1D33C6292AC977570036D58B /* User.swift in Sources */ = {isa = PBXBuildFile; fileRef = 1D33C6282AC977570036D58B /* User.swift */; };
		1D33C62B2AC977A90036D58B /* UserCard.swift in Sources */ = {isa = PBXBuildFile; fileRef = 1D33C62A2AC977A90036D58B /* UserCard.swift */; };
		1D6D74152ACF28B500E88A2C /* CalcSample.swift in Sources */ = {isa = PBXBuildFile; fileRef = 1D6D74142ACF28B500E88A2C /* CalcSample.swift */; };
		1D6D74172ACF2CF600E88A2C /* DateFormatterSample.swift in Sources */ = {isa = PBXBuildFile; fileRef = 1D6D74162ACF2CF600E88A2C /* DateFormatterSample.swift */; };
		1D6D74192ACF2E3400E88A2C /* MustafaSample.swift in Sources */ = {isa = PBXBuildFile; fileRef = 1D6D74182ACF2E3400E88A2C /* MustafaSample.swift */; };
		1D6D741B2ACF30AF00E88A2C /* BasicState.swift in Sources */ = {isa = PBXBuildFile; fileRef = 1D6D741A2ACF30AF00E88A2C /* BasicState.swift */; };
/* End PBXBuildFile section */

/* Begin PBXContainerItemProxy section */
		1D33C5E32AC803580036D58B /* PBXContainerItemProxy */ = {
			isa = PBXContainerItemProxy;
			containerPortal = 1D33C5CA2AC803570036D58B /* Project object */;
			proxyType = 1;
			remoteGlobalIDString = 1D33C5D12AC803570036D58B;
			remoteInfo = SwiftUITutorial;
		};
		1D33C5ED2AC803580036D58B /* PBXContainerItemProxy */ = {
			isa = PBXContainerItemProxy;
			containerPortal = 1D33C5CA2AC803570036D58B /* Project object */;
			proxyType = 1;
			remoteGlobalIDString = 1D33C5D12AC803570036D58B;
			remoteInfo = SwiftUITutorial;
		};
/* End PBXContainerItemProxy section */

/* Begin PBXFileReference section */
		1D33C5D22AC803570036D58B /* SwiftUITutorial.app */ = {isa = PBXFileReference; explicitFileType = wrapper.application; includeInIndex = 0; path = SwiftUITutorial.app; sourceTree = BUILT_PRODUCTS_DIR; };
		1D33C5D52AC803570036D58B /* SwiftUITutorialApp.swift */ = {isa = PBXFileReference; lastKnownFileType = sourcecode.swift; path = SwiftUITutorialApp.swift; sourceTree = "<group>"; };
		1D33C5D72AC803570036D58B /* ContentView.swift */ = {isa = PBXFileReference; lastKnownFileType = sourcecode.swift; path = ContentView.swift; sourceTree = "<group>"; };
		1D33C5D92AC803580036D58B /* Assets.xcassets */ = {isa = PBXFileReference; lastKnownFileType = folder.assetcatalog; path = Assets.xcassets; sourceTree = "<group>"; };
		1D33C5DC2AC803580036D58B /* Preview Assets.xcassets */ = {isa = PBXFileReference; lastKnownFileType = folder.assetcatalog; path = "Preview Assets.xcassets"; sourceTree = "<group>"; };
		1D33C5E22AC803580036D58B /* SwiftUITutorialTests.xctest */ = {isa = PBXFileReference; explicitFileType = wrapper.cfbundle; includeInIndex = 0; path = SwiftUITutorialTests.xctest; sourceTree = BUILT_PRODUCTS_DIR; };
		1D33C5E62AC803580036D58B /* SwiftUITutorialTests.swift */ = {isa = PBXFileReference; lastKnownFileType = sourcecode.swift; path = SwiftUITutorialTests.swift; sourceTree = "<group>"; };
		1D33C5EC2AC803580036D58B /* SwiftUITutorialUITests.xctest */ = {isa = PBXFileReference; explicitFileType = wrapper.cfbundle; includeInIndex = 0; path = SwiftUITutorialUITests.xctest; sourceTree = BUILT_PRODUCTS_DIR; };
		1D33C5F02AC803580036D58B /* SwiftUITutorialUITests.swift */ = {isa = PBXFileReference; lastKnownFileType = sourcecode.swift; path = SwiftUITutorialUITests.swift; sourceTree = "<group>"; };
		1D33C5F22AC803580036D58B /* SwiftUITutorialUITestsLaunchTests.swift */ = {isa = PBXFileReference; lastKnownFileType = sourcecode.swift; path = SwiftUITutorialUITestsLaunchTests.swift; sourceTree = "<group>"; };
		1D33C5FF2AC806C60036D58B /* OneWayBind.swift */ = {isa = PBXFileReference; lastKnownFileType = sourcecode.swift; path = OneWayBind.swift; sourceTree = "<group>"; };
		1D33C6012AC806FA0036D58B /* StateIntro.swift */ = {isa = PBXFileReference; lastKnownFileType = sourcecode.swift; path = StateIntro.swift; sourceTree = "<group>"; };
		1D33C6032AC808C20036D58B /* StateCounterSample.swift */ = {isa = PBXFileReference; lastKnownFileType = sourcecode.swift; path = StateCounterSample.swift; sourceTree = "<group>"; };
		1D33C6052AC809A00036D58B /* StateArraySample.swift */ = {isa = PBXFileReference; lastKnownFileType = sourcecode.swift; path = StateArraySample.swift; sourceTree = "<group>"; };
		1D33C6072AC80AE40036D58B /* StateBooleanSample.swift */ = {isa = PBXFileReference; lastKnownFileType = sourcecode.swift; path = StateBooleanSample.swift; sourceTree = "<group>"; };
		1D33C6092AC811A50036D58B /* StateArraySample2.swift */ = {isa = PBXFileReference; lastKnownFileType = sourcecode.swift; path = StateArraySample2.swift; sourceTree = "<group>"; };
		1D33C60B2AC818520036D58B /* StateFrameSample.swift */ = {isa = PBXFileReference; lastKnownFileType = sourcecode.swift; path = StateFrameSample.swift; sourceTree = "<group>"; };
		1D33C60D2AC81F310036D58B /* StateInputSample.swift */ = {isa = PBXFileReference; lastKnownFileType = sourcecode.swift; path = StateInputSample.swift; sourceTree = "<group>"; };
		1D33C60F2AC821DC0036D58B /* KDVCalc.swift */ = {isa = PBXFileReference; lastKnownFileType = sourcecode.swift; path = KDVCalc.swift; sourceTree = "<group>"; };
		1D33C6112AC823C60036D58B /* InputArray.swift */ = {isa = PBXFileReference; lastKnownFileType = sourcecode.swift; path = InputArray.swift; sourceTree = "<group>"; };
		1D33C6132AC827F50036D58B /* SortArray.swift */ = {isa = PBXFileReference; lastKnownFileType = sourcecode.swift; path = SortArray.swift; sourceTree = "<group>"; };
		1D33C6152AC82BD20036D58B /* ToogleState.swift */ = {isa = PBXFileReference; lastKnownFileType = sourcecode.swift; path = ToogleState.swift; sourceTree = "<group>"; };
		1D33C6192AC952190036D58B /* TemperatureConverter.swift */ = {isa = PBXFileReference; lastKnownFileType = sourcecode.swift; path = TemperatureConverter.swift; sourceTree = "<group>"; };
		1D33C61B2AC955DB0036D58B /* MusicFavoritesSample.swift */ = {isa = PBXFileReference; lastKnownFileType = sourcecode.swift; path = MusicFavoritesSample.swift; sourceTree = "<group>"; };
		1D33C61D2AC959670036D58B /* ProductListTrash.swift */ = {isa = PBXFileReference; lastKnownFileType = sourcecode.swift; path = ProductListTrash.swift; sourceTree = "<group>"; };
		1D33C61F2AC963B90036D58B /* ToDoList.swift */ = {isa = PBXFileReference; lastKnownFileType = sourcecode.swift; path = ToDoList.swift; sourceTree = "<group>"; };
		1D33C6212AC9679F0036D58B /* KDVCalc2.swift */ = {isa = PBXFileReference; lastKnownFileType = sourcecode.swift; path = KDVCalc2.swift; sourceTree = "<group>"; };
		1D33C6232AC968B60036D58B /* ProductDetail.swift */ = {isa = PBXFileReference; lastKnownFileType = sourcecode.swift; path = ProductDetail.swift; sourceTree = "<group>"; };
		1D33C6252AC96AA90036D58B /* ColorPickerSample.swift */ = {isa = PBXFileReference; lastKnownFileType = sourcecode.swift; path = ColorPickerSample.swift; sourceTree = "<group>"; };
		1D33C6282AC977570036D58B /* User.swift */ = {isa = PBXFileReference; lastKnownFileType = sourcecode.swift; path = User.swift; sourceTree = "<group>"; };
		1D33C62A2AC977A90036D58B /* UserCard.swift */ = {isa = PBXFileReference; lastKnownFileType = sourcecode.swift; path = UserCard.swift; sourceTree = "<group>"; };
		1D6D74142ACF28B500E88A2C /* CalcSample.swift */ = {isa = PBXFileReference; lastKnownFileType = sourcecode.swift; path = CalcSample.swift; sourceTree = "<group>"; };
		1D6D74162ACF2CF600E88A2C /* DateFormatterSample.swift */ = {isa = PBXFileReference; lastKnownFileType = sourcecode.swift; path = DateFormatterSample.swift; sourceTree = "<group>"; };
		1D6D74182ACF2E3400E88A2C /* MustafaSample.swift */ = {isa = PBXFileReference; lastKnownFileType = sourcecode.swift; path = MustafaSample.swift; sourceTree = "<group>"; };
		1D6D741A2ACF30AF00E88A2C /* BasicState.swift */ = {isa = PBXFileReference; lastKnownFileType = sourcecode.swift; path = BasicState.swift; sourceTree = "<group>"; };
/* End PBXFileReference section */

/* Begin PBXFrameworksBuildPhase section */
		1D33C5CF2AC803570036D58B /* Frameworks */ = {
			isa = PBXFrameworksBuildPhase;
			buildActionMask = 2147483647;
			files = (
			);
			runOnlyForDeploymentPostprocessing = 0;
		};
		1D33C5DF2AC803580036D58B /* Frameworks */ = {
			isa = PBXFrameworksBuildPhase;
			buildActionMask = 2147483647;
			files = (
			);
			runOnlyForDeploymentPostprocessing = 0;
		};
		1D33C5E92AC803580036D58B /* Frameworks */ = {
			isa = PBXFrameworksBuildPhase;
			buildActionMask = 2147483647;
			files = (
			);
			runOnlyForDeploymentPostprocessing = 0;
		};
/* End PBXFrameworksBuildPhase section */

/* Begin PBXGroup section */
		1D33C5C92AC803570036D58B = {
			isa = PBXGroup;
			children = (
				1D33C5D42AC803570036D58B /* SwiftUITutorial */,
				1D33C5E52AC803580036D58B /* SwiftUITutorialTests */,
				1D33C5EF2AC803580036D58B /* SwiftUITutorialUITests */,
				1D33C5D32AC803570036D58B /* Products */,
			);
			sourceTree = "<group>";
		};
		1D33C5D32AC803570036D58B /* Products */ = {
			isa = PBXGroup;
			children = (
				1D33C5D22AC803570036D58B /* SwiftUITutorial.app */,
				1D33C5E22AC803580036D58B /* SwiftUITutorialTests.xctest */,
				1D33C5EC2AC803580036D58B /* SwiftUITutorialUITests.xctest */,
			);
			name = Products;
			sourceTree = "<group>";
		};
		1D33C5D42AC803570036D58B /* SwiftUITutorial */ = {
			isa = PBXGroup;
			children = (
				1D6D74132ACF270700E88A2C /* StateSamplePart3 */,
				1D33C6272AC9773D0036D58B /* StructSample */,
				1D33C6182AC951F70036D58B /* StateSamplePart2 */,
				1D33C6172AC951D60036D58B /* StateSamplePart1 */,
				1D33C5D52AC803570036D58B /* SwiftUITutorialApp.swift */,
				1D33C5D72AC803570036D58B /* ContentView.swift */,
				1D33C5D92AC803580036D58B /* Assets.xcassets */,
				1D33C5DB2AC803580036D58B /* Preview Content */,
				1D33C5FF2AC806C60036D58B /* OneWayBind.swift */,
				1D33C6232AC968B60036D58B /* ProductDetail.swift */,
			);
			path = SwiftUITutorial;
			sourceTree = "<group>";
		};
		1D33C5DB2AC803580036D58B /* Preview Content */ = {
			isa = PBXGroup;
			children = (
				1D33C5DC2AC803580036D58B /* Preview Assets.xcassets */,
			);
			path = "Preview Content";
			sourceTree = "<group>";
		};
		1D33C5E52AC803580036D58B /* SwiftUITutorialTests */ = {
			isa = PBXGroup;
			children = (
				1D33C5E62AC803580036D58B /* SwiftUITutorialTests.swift */,
			);
			path = SwiftUITutorialTests;
			sourceTree = "<group>";
		};
		1D33C5EF2AC803580036D58B /* SwiftUITutorialUITests */ = {
			isa = PBXGroup;
			children = (
				1D33C5F02AC803580036D58B /* SwiftUITutorialUITests.swift */,
				1D33C5F22AC803580036D58B /* SwiftUITutorialUITestsLaunchTests.swift */,
			);
			path = SwiftUITutorialUITests;
			sourceTree = "<group>";
		};
		1D33C6172AC951D60036D58B /* StateSamplePart1 */ = {
			isa = PBXGroup;
			children = (
				1D33C6012AC806FA0036D58B /* StateIntro.swift */,
				1D33C6032AC808C20036D58B /* StateCounterSample.swift */,
				1D33C6052AC809A00036D58B /* StateArraySample.swift */,
				1D33C6072AC80AE40036D58B /* StateBooleanSample.swift */,
				1D33C6092AC811A50036D58B /* StateArraySample2.swift */,
				1D33C60B2AC818520036D58B /* StateFrameSample.swift */,
				1D33C60D2AC81F310036D58B /* StateInputSample.swift */,
				1D33C60F2AC821DC0036D58B /* KDVCalc.swift */,
				1D33C6112AC823C60036D58B /* InputArray.swift */,
				1D33C6132AC827F50036D58B /* SortArray.swift */,
				1D33C6152AC82BD20036D58B /* ToogleState.swift */,
			);
			path = StateSamplePart1;
			sourceTree = "<group>";
		};
		1D33C6182AC951F70036D58B /* StateSamplePart2 */ = {
			isa = PBXGroup;
			children = (
				1D33C6192AC952190036D58B /* TemperatureConverter.swift */,
				1D33C61B2AC955DB0036D58B /* MusicFavoritesSample.swift */,
				1D33C61D2AC959670036D58B /* ProductListTrash.swift */,
				1D33C61F2AC963B90036D58B /* ToDoList.swift */,
				1D33C6212AC9679F0036D58B /* KDVCalc2.swift */,
				1D33C6252AC96AA90036D58B /* ColorPickerSample.swift */,
			);
			path = StateSamplePart2;
			sourceTree = "<group>";
		};
		1D33C6272AC9773D0036D58B /* StructSample */ = {
			isa = PBXGroup;
			children = (
				1D33C6282AC977570036D58B /* User.swift */,
				1D33C62A2AC977A90036D58B /* UserCard.swift */,
			);
			path = StructSample;
			sourceTree = "<group>";
		};
		1D6D74132ACF270700E88A2C /* StateSamplePart3 */ = {
			isa = PBXGroup;
			children = (
				1D6D74142ACF28B500E88A2C /* CalcSample.swift */,
				1D6D74162ACF2CF600E88A2C /* DateFormatterSample.swift */,
				1D6D74182ACF2E3400E88A2C /* MustafaSample.swift */,
				1D6D741A2ACF30AF00E88A2C /* BasicState.swift */,
			);
			path = StateSamplePart3;
			sourceTree = "<group>";
		};
/* End PBXGroup section */

/* Begin PBXNativeTarget section */
		1D33C5D12AC803570036D58B /* SwiftUITutorial */ = {
			isa = PBXNativeTarget;
			buildConfigurationList = 1D33C5F62AC803580036D58B /* Build configuration list for PBXNativeTarget "SwiftUITutorial" */;
			buildPhases = (
				1D33C5CE2AC803570036D58B /* Sources */,
				1D33C5CF2AC803570036D58B /* Frameworks */,
				1D33C5D02AC803570036D58B /* Resources */,
			);
			buildRules = (
			);
			dependencies = (
			);
			name = SwiftUITutorial;
			productName = SwiftUITutorial;
			productReference = 1D33C5D22AC803570036D58B /* SwiftUITutorial.app */;
			productType = "com.apple.product-type.application";
		};
		1D33C5E12AC803580036D58B /* SwiftUITutorialTests */ = {
			isa = PBXNativeTarget;
			buildConfigurationList = 1D33C5F92AC803580036D58B /* Build configuration list for PBXNativeTarget "SwiftUITutorialTests" */;
			buildPhases = (
				1D33C5DE2AC803580036D58B /* Sources */,
				1D33C5DF2AC803580036D58B /* Frameworks */,
				1D33C5E02AC803580036D58B /* Resources */,
			);
			buildRules = (
			);
			dependencies = (
				1D33C5E42AC803580036D58B /* PBXTargetDependency */,
			);
			name = SwiftUITutorialTests;
			productName = SwiftUITutorialTests;
			productReference = 1D33C5E22AC803580036D58B /* SwiftUITutorialTests.xctest */;
			productType = "com.apple.product-type.bundle.unit-test";
		};
		1D33C5EB2AC803580036D58B /* SwiftUITutorialUITests */ = {
			isa = PBXNativeTarget;
			buildConfigurationList = 1D33C5FC2AC803580036D58B /* Build configuration list for PBXNativeTarget "SwiftUITutorialUITests" */;
			buildPhases = (
				1D33C5E82AC803580036D58B /* Sources */,
				1D33C5E92AC803580036D58B /* Frameworks */,
				1D33C5EA2AC803580036D58B /* Resources */,
			);
			buildRules = (
			);
			dependencies = (
				1D33C5EE2AC803580036D58B /* PBXTargetDependency */,
			);
			name = SwiftUITutorialUITests;
			productName = SwiftUITutorialUITests;
			productReference = 1D33C5EC2AC803580036D58B /* SwiftUITutorialUITests.xctest */;
			productType = "com.apple.product-type.bundle.ui-testing";
		};
/* End PBXNativeTarget section */

/* Begin PBXProject section */
		1D33C5CA2AC803570036D58B /* Project object */ = {
			isa = PBXProject;
			attributes = {
				BuildIndependentTargetsInParallel = 1;
				LastSwiftUpdateCheck = 1430;
				LastUpgradeCheck = 1430;
				TargetAttributes = {
					1D33C5D12AC803570036D58B = {
						CreatedOnToolsVersion = 14.3.1;
					};
					1D33C5E12AC803580036D58B = {
						CreatedOnToolsVersion = 14.3.1;
						TestTargetID = 1D33C5D12AC803570036D58B;
					};
					1D33C5EB2AC803580036D58B = {
						CreatedOnToolsVersion = 14.3.1;
						TestTargetID = 1D33C5D12AC803570036D58B;
					};
				};
			};
			buildConfigurationList = 1D33C5CD2AC803570036D58B /* Build configuration list for PBXProject "SwiftUITutorial" */;
			compatibilityVersion = "Xcode 14.0";
			developmentRegion = en;
			hasScannedForEncodings = 0;
			knownRegions = (
				en,
				Base,
			);
			mainGroup = 1D33C5C92AC803570036D58B;
			productRefGroup = 1D33C5D32AC803570036D58B /* Products */;
			projectDirPath = "";
			projectRoot = "";
			targets = (
				1D33C5D12AC803570036D58B /* SwiftUITutorial */,
				1D33C5E12AC803580036D58B /* SwiftUITutorialTests */,
				1D33C5EB2AC803580036D58B /* SwiftUITutorialUITests */,
			);
		};
/* End PBXProject section */

/* Begin PBXResourcesBuildPhase section */
		1D33C5D02AC803570036D58B /* Resources */ = {
			isa = PBXResourcesBuildPhase;
			buildActionMask = 2147483647;
			files = (
				1D33C5DD2AC803580036D58B /* Preview Assets.xcassets in Resources */,
				1D33C5DA2AC803580036D58B /* Assets.xcassets in Resources */,
			);
			runOnlyForDeploymentPostprocessing = 0;
		};
		1D33C5E02AC803580036D58B /* Resources */ = {
			isa = PBXResourcesBuildPhase;
			buildActionMask = 2147483647;
			files = (
			);
			runOnlyForDeploymentPostprocessing = 0;
		};
		1D33C5EA2AC803580036D58B /* Resources */ = {
			isa = PBXResourcesBuildPhase;
			buildActionMask = 2147483647;
			files = (
			);
			runOnlyForDeploymentPostprocessing = 0;
		};
/* End PBXResourcesBuildPhase section */

/* Begin PBXSourcesBuildPhase section */
		1D33C5CE2AC803570036D58B /* Sources */ = {
			isa = PBXSourcesBuildPhase;
			buildActionMask = 2147483647;
			files = (
				1D33C61A2AC952190036D58B /* TemperatureConverter.swift in Sources */,
				1D33C6202AC963B90036D58B /* ToDoList.swift in Sources */,
				1D33C6022AC806FA0036D58B /* StateIntro.swift in Sources */,
				1D6D74192ACF2E3400E88A2C /* MustafaSample.swift in Sources */,
				1D33C60C2AC818520036D58B /* StateFrameSample.swift in Sources */,
				1D33C6102AC821DC0036D58B /* KDVCalc.swift in Sources */,
				1D33C6002AC806C60036D58B /* OneWayBind.swift in Sources */,
				1D33C6242AC968B60036D58B /* ProductDetail.swift in Sources */,
				1D33C6082AC80AE40036D58B /* StateBooleanSample.swift in Sources */,
				1D33C6162AC82BD20036D58B /* ToogleState.swift in Sources */,
				1D33C60E2AC81F310036D58B /* StateInputSample.swift in Sources */,
				1D33C6292AC977570036D58B /* User.swift in Sources */,
				1D33C62B2AC977A90036D58B /* UserCard.swift in Sources */,
				1D6D741B2ACF30AF00E88A2C /* BasicState.swift in Sources */,
				1D33C61E2AC959670036D58B /* ProductListTrash.swift in Sources */,
				1D33C5D82AC803570036D58B /* ContentView.swift in Sources */,
				1D33C6062AC809A00036D58B /* StateArraySample.swift in Sources */,
				1D33C6262AC96AA90036D58B /* ColorPickerSample.swift in Sources */,
				1D6D74152ACF28B500E88A2C /* CalcSample.swift in Sources */,
				1D33C5D62AC803570036D58B /* SwiftUITutorialApp.swift in Sources */,
				1D33C61C2AC955DB0036D58B /* MusicFavoritesSample.swift in Sources */,
				1D33C60A2AC811A60036D58B /* StateArraySample2.swift in Sources */,
				1D33C6122AC823C60036D58B /* InputArray.swift in Sources */,
				1D33C6222AC9679F0036D58B /* KDVCalc2.swift in Sources */,
				1D6D74172ACF2CF600E88A2C /* DateFormatterSample.swift in Sources */,
				1D33C6042AC808C20036D58B /* StateCounterSample.swift in Sources */,
				1D33C6142AC827F50036D58B /* SortArray.swift in Sources */,
			);
			runOnlyForDeploymentPostprocessing = 0;
		};
		1D33C5DE2AC803580036D58B /* Sources */ = {
			isa = PBXSourcesBuildPhase;
			buildActionMask = 2147483647;
			files = (
				1D33C5E72AC803580036D58B /* SwiftUITutorialTests.swift in Sources */,
			);
			runOnlyForDeploymentPostprocessing = 0;
		};
		1D33C5E82AC803580036D58B /* Sources */ = {
			isa = PBXSourcesBuildPhase;
			buildActionMask = 2147483647;
			files = (
				1D33C5F32AC803580036D58B /* SwiftUITutorialUITestsLaunchTests.swift in Sources */,
				1D33C5F12AC803580036D58B /* SwiftUITutorialUITests.swift in Sources */,
			);
			runOnlyForDeploymentPostprocessing = 0;
		};
/* End PBXSourcesBuildPhase section */

/* Begin PBXTargetDependency section */
		1D33C5E42AC803580036D58B /* PBXTargetDependency */ = {
			isa = PBXTargetDependency;
			target = 1D33C5D12AC803570036D58B /* SwiftUITutorial */;
			targetProxy = 1D33C5E32AC803580036D58B /* PBXContainerItemProxy */;
		};
		1D33C5EE2AC803580036D58B /* PBXTargetDependency */ = {
			isa = PBXTargetDependency;
			target = 1D33C5D12AC803570036D58B /* SwiftUITutorial */;
			targetProxy = 1D33C5ED2AC803580036D58B /* PBXContainerItemProxy */;
		};
/* End PBXTargetDependency section */

/* Begin XCBuildConfiguration section */
		1D33C5F42AC803580036D58B /* Debug */ = {
			isa = XCBuildConfiguration;
			buildSettings = {
				ALWAYS_SEARCH_USER_PATHS = NO;
				CLANG_ANALYZER_NONNULL = YES;
				CLANG_ANALYZER_NUMBER_OBJECT_CONVERSION = YES_AGGRESSIVE;
				CLANG_CXX_LANGUAGE_STANDARD = "gnu++20";
				CLANG_ENABLE_MODULES = YES;
				CLANG_ENABLE_OBJC_ARC = YES;
				CLANG_ENABLE_OBJC_WEAK = YES;
				CLANG_WARN_BLOCK_CAPTURE_AUTORELEASING = YES;
				CLANG_WARN_BOOL_CONVERSION = YES;
				CLANG_WARN_COMMA = YES;
				CLANG_WARN_CONSTANT_CONVERSION = YES;
				CLANG_WARN_DEPRECATED_OBJC_IMPLEMENTATIONS = YES;
				CLANG_WARN_DIRECT_OBJC_ISA_USAGE = YES_ERROR;
				CLANG_WARN_DOCUMENTATION_COMMENTS = YES;
				CLANG_WARN_EMPTY_BODY = YES;
				CLANG_WARN_ENUM_CONVERSION = YES;
				CLANG_WARN_INFINITE_RECURSION = YES;
				CLANG_WARN_INT_CONVERSION = YES;
				CLANG_WARN_NON_LITERAL_NULL_CONVERSION = YES;
				CLANG_WARN_OBJC_IMPLICIT_RETAIN_SELF = YES;
				CLANG_WARN_OBJC_LITERAL_CONVERSION = YES;
				CLANG_WARN_OBJC_ROOT_CLASS = YES_ERROR;
				CLANG_WARN_QUOTED_INCLUDE_IN_FRAMEWORK_HEADER = YES;
				CLANG_WARN_RANGE_LOOP_ANALYSIS = YES;
				CLANG_WARN_STRICT_PROTOTYPES = YES;
				CLANG_WARN_SUSPICIOUS_MOVE = YES;
				CLANG_WARN_UNGUARDED_AVAILABILITY = YES_AGGRESSIVE;
				CLANG_WARN_UNREACHABLE_CODE = YES;
				CLANG_WARN__DUPLICATE_METHOD_MATCH = YES;
				COPY_PHASE_STRIP = NO;
				DEBUG_INFORMATION_FORMAT = dwarf;
				ENABLE_STRICT_OBJC_MSGSEND = YES;
				ENABLE_TESTABILITY = YES;
				GCC_C_LANGUAGE_STANDARD = gnu11;
				GCC_DYNAMIC_NO_PIC = NO;
				GCC_NO_COMMON_BLOCKS = YES;
				GCC_OPTIMIZATION_LEVEL = 0;
				GCC_PREPROCESSOR_DEFINITIONS = (
					"DEBUG=1",
					"$(inherited)",
				);
				GCC_WARN_64_TO_32_BIT_CONVERSION = YES;
				GCC_WARN_ABOUT_RETURN_TYPE = YES_ERROR;
				GCC_WARN_UNDECLARED_SELECTOR = YES;
				GCC_WARN_UNINITIALIZED_AUTOS = YES_AGGRESSIVE;
				GCC_WARN_UNUSED_FUNCTION = YES;
				GCC_WARN_UNUSED_VARIABLE = YES;
				IPHONEOS_DEPLOYMENT_TARGET = 16.4;
				MTL_ENABLE_DEBUG_INFO = INCLUDE_SOURCE;
				MTL_FAST_MATH = YES;
				ONLY_ACTIVE_ARCH = YES;
				SDKROOT = iphoneos;
				SWIFT_ACTIVE_COMPILATION_CONDITIONS = DEBUG;
				SWIFT_OPTIMIZATION_LEVEL = "-Onone";
			};
			name = Debug;
		};
		1D33C5F52AC803580036D58B /* Release */ = {
			isa = XCBuildConfiguration;
			buildSettings = {
				ALWAYS_SEARCH_USER_PATHS = NO;
				CLANG_ANALYZER_NONNULL = YES;
				CLANG_ANALYZER_NUMBER_OBJECT_CONVERSION = YES_AGGRESSIVE;
				CLANG_CXX_LANGUAGE_STANDARD = "gnu++20";
				CLANG_ENABLE_MODULES = YES;
				CLANG_ENABLE_OBJC_ARC = YES;
				CLANG_ENABLE_OBJC_WEAK = YES;
				CLANG_WARN_BLOCK_CAPTURE_AUTORELEASING = YES;
				CLANG_WARN_BOOL_CONVERSION = YES;
				CLANG_WARN_COMMA = YES;
				CLANG_WARN_CONSTANT_CONVERSION = YES;
				CLANG_WARN_DEPRECATED_OBJC_IMPLEMENTATIONS = YES;
				CLANG_WARN_DIRECT_OBJC_ISA_USAGE = YES_ERROR;
				CLANG_WARN_DOCUMENTATION_COMMENTS = YES;
				CLANG_WARN_EMPTY_BODY = YES;
				CLANG_WARN_ENUM_CONVERSION = YES;
				CLANG_WARN_INFINITE_RECURSION = YES;
				CLANG_WARN_INT_CONVERSION = YES;
				CLANG_WARN_NON_LITERAL_NULL_CONVERSION = YES;
				CLANG_WARN_OBJC_IMPLICIT_RETAIN_SELF = YES;
				CLANG_WARN_OBJC_LITERAL_CONVERSION = YES;
				CLANG_WARN_OBJC_ROOT_CLASS = YES_ERROR;
				CLANG_WARN_QUOTED_INCLUDE_IN_FRAMEWORK_HEADER = YES;
				CLANG_WARN_RANGE_LOOP_ANALYSIS = YES;
				CLANG_WARN_STRICT_PROTOTYPES = YES;
				CLANG_WARN_SUSPICIOUS_MOVE = YES;
				CLANG_WARN_UNGUARDED_AVAILABILITY = YES_AGGRESSIVE;
				CLANG_WARN_UNREACHABLE_CODE = YES;
				CLANG_WARN__DUPLICATE_METHOD_MATCH = YES;
				COPY_PHASE_STRIP = NO;
				DEBUG_INFORMATION_FORMAT = "dwarf-with-dsym";
				ENABLE_NS_ASSERTIONS = NO;
				ENABLE_STRICT_OBJC_MSGSEND = YES;
				GCC_C_LANGUAGE_STANDARD = gnu11;
				GCC_NO_COMMON_BLOCKS = YES;
				GCC_WARN_64_TO_32_BIT_CONVERSION = YES;
				GCC_WARN_ABOUT_RETURN_TYPE = YES_ERROR;
				GCC_WARN_UNDECLARED_SELECTOR = YES;
				GCC_WARN_UNINITIALIZED_AUTOS = YES_AGGRESSIVE;
				GCC_WARN_UNUSED_FUNCTION = YES;
				GCC_WARN_UNUSED_VARIABLE = YES;
				IPHONEOS_DEPLOYMENT_TARGET = 16.4;
				MTL_ENABLE_DEBUG_INFO = NO;
				MTL_FAST_MATH = YES;
				SDKROOT = iphoneos;
				SWIFT_COMPILATION_MODE = wholemodule;
				SWIFT_OPTIMIZATION_LEVEL = "-O";
				VALIDATE_PRODUCT = YES;
			};
			name = Release;
		};
		1D33C5F72AC803580036D58B /* Debug */ = {
			isa = XCBuildConfiguration;
			buildSettings = {
				ASSETCATALOG_COMPILER_APPICON_NAME = AppIcon;
				ASSETCATALOG_COMPILER_GLOBAL_ACCENT_COLOR_NAME = AccentColor;
				CODE_SIGN_STYLE = Automatic;
				CURRENT_PROJECT_VERSION = 1;
				DEVELOPMENT_ASSET_PATHS = "\"SwiftUITutorial/Preview Content\"";
				ENABLE_PREVIEWS = YES;
				GENERATE_INFOPLIST_FILE = YES;
				INFOPLIST_KEY_UIApplicationSceneManifest_Generation = YES;
				INFOPLIST_KEY_UIApplicationSupportsIndirectInputEvents = YES;
				INFOPLIST_KEY_UILaunchScreen_Generation = YES;
				INFOPLIST_KEY_UISupportedInterfaceOrientations_iPad = "UIInterfaceOrientationPortrait UIInterfaceOrientationPortraitUpsideDown UIInterfaceOrientationLandscapeLeft UIInterfaceOrientationLandscapeRight";
				INFOPLIST_KEY_UISupportedInterfaceOrientations_iPhone = "UIInterfaceOrientationPortrait UIInterfaceOrientationLandscapeLeft UIInterfaceOrientationLandscapeRight";
				LD_RUNPATH_SEARCH_PATHS = (
					"$(inherited)",
					"@executable_path/Frameworks",
				);
				MARKETING_VERSION = 1.0;
				PRODUCT_BUNDLE_IDENTIFIER = com.SpotifyTemplate.SwiftUITutorial;
				PRODUCT_NAME = "$(TARGET_NAME)";
				SWIFT_EMIT_LOC_STRINGS = YES;
				SWIFT_VERSION = 5.0;
				TARGETED_DEVICE_FAMILY = "1,2";
			};
			name = Debug;
		};
		1D33C5F82AC803580036D58B /* Release */ = {
			isa = XCBuildConfiguration;
			buildSettings = {
				ASSETCATALOG_COMPILER_APPICON_NAME = AppIcon;
				ASSETCATALOG_COMPILER_GLOBAL_ACCENT_COLOR_NAME = AccentColor;
				CODE_SIGN_STYLE = Automatic;
				CURRENT_PROJECT_VERSION = 1;
				DEVELOPMENT_ASSET_PATHS = "\"SwiftUITutorial/Preview Content\"";
				ENABLE_PREVIEWS = YES;
				GENERATE_INFOPLIST_FILE = YES;
				INFOPLIST_KEY_UIApplicationSceneManifest_Generation = YES;
				INFOPLIST_KEY_UIApplicationSupportsIndirectInputEvents = YES;
				INFOPLIST_KEY_UILaunchScreen_Generation = YES;
				INFOPLIST_KEY_UISupportedInterfaceOrientations_iPad = "UIInterfaceOrientationPortrait UIInterfaceOrientationPortraitUpsideDown UIInterfaceOrientationLandscapeLeft UIInterfaceOrientationLandscapeRight";
				INFOPLIST_KEY_UISupportedInterfaceOrientations_iPhone = "UIInterfaceOrientationPortrait UIInterfaceOrientationLandscapeLeft UIInterfaceOrientationLandscapeRight";
				LD_RUNPATH_SEARCH_PATHS = (
					"$(inherited)",
					"@executable_path/Frameworks",
				);
				MARKETING_VERSION = 1.0;
				PRODUCT_BUNDLE_IDENTIFIER = com.SpotifyTemplate.SwiftUITutorial;
				PRODUCT_NAME = "$(TARGET_NAME)";
				SWIFT_EMIT_LOC_STRINGS = YES;
				SWIFT_VERSION = 5.0;
				TARGETED_DEVICE_FAMILY = "1,2";
			};
			name = Release;
		};
		1D33C5FA2AC803580036D58B /* Debug */ = {
			isa = XCBuildConfiguration;
			buildSettings = {
				ALWAYS_EMBED_SWIFT_STANDARD_LIBRARIES = YES;
				BUNDLE_LOADER = "$(TEST_HOST)";
				CODE_SIGN_STYLE = Automatic;
				CURRENT_PROJECT_VERSION = 1;
				GENERATE_INFOPLIST_FILE = YES;
				IPHONEOS_DEPLOYMENT_TARGET = 16.4;
				MARKETING_VERSION = 1.0;
				PRODUCT_BUNDLE_IDENTIFIER = com.SpotifyTemplate.SwiftUITutorialTests;
				PRODUCT_NAME = "$(TARGET_NAME)";
				SWIFT_EMIT_LOC_STRINGS = NO;
				SWIFT_VERSION = 5.0;
				TARGETED_DEVICE_FAMILY = "1,2";
				TEST_HOST = "$(BUILT_PRODUCTS_DIR)/SwiftUITutorial.app/$(BUNDLE_EXECUTABLE_FOLDER_PATH)/SwiftUITutorial";
			};
			name = Debug;
		};
		1D33C5FB2AC803580036D58B /* Release */ = {
			isa = XCBuildConfiguration;
			buildSettings = {
				ALWAYS_EMBED_SWIFT_STANDARD_LIBRARIES = YES;
				BUNDLE_LOADER = "$(TEST_HOST)";
				CODE_SIGN_STYLE = Automatic;
				CURRENT_PROJECT_VERSION = 1;
				GENERATE_INFOPLIST_FILE = YES;
				IPHONEOS_DEPLOYMENT_TARGET = 16.4;
				MARKETING_VERSION = 1.0;
				PRODUCT_BUNDLE_IDENTIFIER = com.SpotifyTemplate.SwiftUITutorialTests;
				PRODUCT_NAME = "$(TARGET_NAME)";
				SWIFT_EMIT_LOC_STRINGS = NO;
				SWIFT_VERSION = 5.0;
				TARGETED_DEVICE_FAMILY = "1,2";
				TEST_HOST = "$(BUILT_PRODUCTS_DIR)/SwiftUITutorial.app/$(BUNDLE_EXECUTABLE_FOLDER_PATH)/SwiftUITutorial";
			};
			name = Release;
		};
		1D33C5FD2AC803580036D58B /* Debug */ = {
			isa = XCBuildConfiguration;
			buildSettings = {
				ALWAYS_EMBED_SWIFT_STANDARD_LIBRARIES = YES;
				CODE_SIGN_STYLE = Automatic;
				CURRENT_PROJECT_VERSION = 1;
				GENERATE_INFOPLIST_FILE = YES;
				MARKETING_VERSION = 1.0;
				PRODUCT_BUNDLE_IDENTIFIER = com.SpotifyTemplate.SwiftUITutorialUITests;
				PRODUCT_NAME = "$(TARGET_NAME)";
				SWIFT_EMIT_LOC_STRINGS = NO;
				SWIFT_VERSION = 5.0;
				TARGETED_DEVICE_FAMILY = "1,2";
				TEST_TARGET_NAME = SwiftUITutorial;
			};
			name = Debug;
		};
		1D33C5FE2AC803580036D58B /* Release */ = {
			isa = XCBuildConfiguration;
			buildSettings = {
				ALWAYS_EMBED_SWIFT_STANDARD_LIBRARIES = YES;
				CODE_SIGN_STYLE = Automatic;
				CURRENT_PROJECT_VERSION = 1;
				GENERATE_INFOPLIST_FILE = YES;
				MARKETING_VERSION = 1.0;
				PRODUCT_BUNDLE_IDENTIFIER = com.SpotifyTemplate.SwiftUITutorialUITests;
				PRODUCT_NAME = "$(TARGET_NAME)";
				SWIFT_EMIT_LOC_STRINGS = NO;
				SWIFT_VERSION = 5.0;
				TARGETED_DEVICE_FAMILY = "1,2";
				TEST_TARGET_NAME = SwiftUITutorial;
			};
			name = Release;
		};
/* End XCBuildConfiguration section */

/* Begin XCConfigurationList section */
		1D33C5CD2AC803570036D58B /* Build configuration list for PBXProject "SwiftUITutorial" */ = {
			isa = XCConfigurationList;
			buildConfigurations = (
				1D33C5F42AC803580036D58B /* Debug */,
				1D33C5F52AC803580036D58B /* Release */,
			);
			defaultConfigurationIsVisible = 0;
			defaultConfigurationName = Release;
		};
		1D33C5F62AC803580036D58B /* Build configuration list for PBXNativeTarget "SwiftUITutorial" */ = {
			isa = XCConfigurationList;
			buildConfigurations = (
				1D33C5F72AC803580036D58B /* Debug */,
				1D33C5F82AC803580036D58B /* Release */,
			);
			defaultConfigurationIsVisible = 0;
			defaultConfigurationName = Release;
		};
		1D33C5F92AC803580036D58B /* Build configuration list for PBXNativeTarget "SwiftUITutorialTests" */ = {
			isa = XCConfigurationList;
			buildConfigurations = (
				1D33C5FA2AC803580036D58B /* Debug */,
				1D33C5FB2AC803580036D58B /* Release */,
			);
			defaultConfigurationIsVisible = 0;
			defaultConfigurationName = Release;
		};
		1D33C5FC2AC803580036D58B /* Build configuration list for PBXNativeTarget "SwiftUITutorialUITests" */ = {
			isa = XCConfigurationList;
			buildConfigurations = (
				1D33C5FD2AC803580036D58B /* Debug */,
				1D33C5FE2AC803580036D58B /* Release */,
			);
			defaultConfigurationIsVisible = 0;
			defaultConfigurationName = Release;
		};
/* End XCConfigurationList section */
	};
	rootObject = 1D33C5CA2AC803570036D58B /* Project object */;
}
